// !$*UTF8*$!
{
	archiveVersion = 1;
	classes = {
	};
	objectVersion = 46;
	objects = {

/* Begin PBXBuildFile section */
		9BD76AA11C744D5C009D78D3 /* main.m in Sources */ = {isa = PBXBuildFile; fileRef = 9BD76AA01C744D5C009D78D3 /* main.m */; };
		9BD76AA41C744D5C009D78D3 /* AppDelegate.m in Sources */ = {isa = PBXBuildFile; fileRef = 9BD76AA31C744D5C009D78D3 /* AppDelegate.m */; };
		9BD76AA71C744D5C009D78D3 /* ViewController.m in Sources */ = {isa = PBXBuildFile; fileRef = 9BD76AA61C744D5C009D78D3 /* ViewController.m */; };
		9BD76AAA1C744D5C009D78D3 /* Main.storyboard in Resources */ = {isa = PBXBuildFile; fileRef = 9BD76AA81C744D5C009D78D3 /* Main.storyboard */; };
		9BD76AAC1C744D5C009D78D3 /* Assets.xcassets in Resources */ = {isa = PBXBuildFile; fileRef = 9BD76AAB1C744D5C009D78D3 /* Assets.xcassets */; };
		9BD76AAF1C744D5C009D78D3 /* LaunchScreen.storyboard in Resources */ = {isa = PBXBuildFile; fileRef = 9BD76AAD1C744D5C009D78D3 /* LaunchScreen.storyboard */; };
		9BD76ABA1C744D5C009D78D3 /* ZKNetWorkToolTests.m in Sources */ = {isa = PBXBuildFile; fileRef = 9BD76AB91C744D5C009D78D3 /* ZKNetWorkToolTests.m */; };
		9BD76AC51C744D5C009D78D3 /* ZKNetWorkToolUITests.m in Sources */ = {isa = PBXBuildFile; fileRef = 9BD76AC41C744D5C009D78D3 /* ZKNetWorkToolUITests.m */; };
/* End PBXBuildFile section */

/* Begin PBXContainerItemProxy section */
		9BD76AB61C744D5C009D78D3 /* PBXContainerItemProxy */ = {
			isa = PBXContainerItemProxy;
			containerPortal = 9BD76A941C744D5C009D78D3 /* Project object */;
			proxyType = 1;
			remoteGlobalIDString = 9BD76A9B1C744D5C009D78D3;
			remoteInfo = ZKNetWorkTool;
		};
		9BD76AC11C744D5C009D78D3 /* PBXContainerItemProxy */ = {
			isa = PBXContainerItemProxy;
			containerPortal = 9BD76A941C744D5C009D78D3 /* Project object */;
			proxyType = 1;
			remoteGlobalIDString = 9BD76A9B1C744D5C009D78D3;
			remoteInfo = ZKNetWorkTool;
		};
/* End PBXContainerItemProxy section */

/* Begin PBXFileReference section */
		9BD76A9C1C744D5C009D78D3 /* ZKNetWorkTool.app */ = {isa = PBXFileReference; explicitFileType = wrapper.application; includeInIndex = 0; path = ZKNetWorkTool.app; sourceTree = BUILT_PRODUCTS_DIR; };
		9BD76AA01C744D5C009D78D3 /* main.m */ = {isa = PBXFileReference; lastKnownFileType = sourcecode.c.objc; path = main.m; sourceTree = "<group>"; };
		9BD76AA21C744D5C009D78D3 /* AppDelegate.h */ = {isa = PBXFileReference; lastKnownFileType = sourcecode.c.h; path = AppDelegate.h; sourceTree = "<group>"; };
		9BD76AA31C744D5C009D78D3 /* AppDelegate.m */ = {isa = PBXFileReference; lastKnownFileType = sourcecode.c.objc; path = AppDelegate.m; sourceTree = "<group>"; };
		9BD76AA51C744D5C009D78D3 /* ViewController.h */ = {isa = PBXFileReference; lastKnownFileType = sourcecode.c.h; path = ViewController.h; sourceTree = "<group>"; };
		9BD76AA61C744D5C009D78D3 /* ViewController.m */ = {isa = PBXFileReference; lastKnownFileType = sourcecode.c.objc; path = ViewController.m; sourceTree = "<group>"; };
		9BD76AA91C744D5C009D78D3 /* Base */ = {isa = PBXFileReference; lastKnownFileType = file.storyboard; name = Base; path = Base.lproj/Main.storyboard; sourceTree = "<group>"; };
		9BD76AAB1C744D5C009D78D3 /* Assets.xcassets */ = {isa = PBXFileReference; lastKnownFileType = folder.assetcatalog; path = Assets.xcassets; sourceTree = "<group>"; };
		9BD76AAE1C744D5C009D78D3 /* Base */ = {isa = PBXFileReference; lastKnownFileType = file.storyboard; name = Base; path = Base.lproj/LaunchScreen.storyboard; sourceTree = "<group>"; };
		9BD76AB01C744D5C009D78D3 /* Info.plist */ = {isa = PBXFileReference; lastKnownFileType = text.plist.xml; path = Info.plist; sourceTree = "<group>"; };
		9BD76AB51C744D5C009D78D3 /* ZKNetWorkToolTests.xctest */ = {isa = PBXFileReference; explicitFileType = wrapper.cfbundle; includeInIndex = 0; path = ZKNetWorkToolTests.xctest; sourceTree = BUILT_PRODUCTS_DIR; };
		9BD76AB91C744D5C009D78D3 /* ZKNetWorkToolTests.m */ = {isa = PBXFileReference; lastKnownFileType = sourcecode.c.objc; path = ZKNetWorkToolTests.m; sourceTree = "<group>"; };
		9BD76ABB1C744D5C009D78D3 /* Info.plist */ = {isa = PBXFileReference; lastKnownFileType = text.plist.xml; path = Info.plist; sourceTree = "<group>"; };
		9BD76AC01C744D5C009D78D3 /* ZKNetWorkToolUITests.xctest */ = {isa = PBXFileReference; explicitFileType = wrapper.cfbundle; includeInIndex = 0; path = ZKNetWorkToolUITests.xctest; sourceTree = BUILT_PRODUCTS_DIR; };
		9BD76AC41C744D5C009D78D3 /* ZKNetWorkToolUITests.m */ = {isa = PBXFileReference; lastKnownFileType = sourcecode.c.objc; path = ZKNetWorkToolUITests.m; sourceTree = "<group>"; };
		9BD76AC61C744D5C009D78D3 /* Info.plist */ = {isa = PBXFileReference; lastKnownFileType = text.plist.xml; path = Info.plist; sourceTree = "<group>"; };
/* End PBXFileReference section */

/* Begin PBXFrameworksBuildPhase section */
		9BD76A991C744D5C009D78D3 /* Frameworks */ = {
			isa = PBXFrameworksBuildPhase;
			buildActionMask = 2147483647;
			files = (
			);
			runOnlyForDeploymentPostprocessing = 0;
		};
		9BD76AB21C744D5C009D78D3 /* Frameworks */ = {
			isa = PBXFrameworksBuildPhase;
			buildActionMask = 2147483647;
			files = (
			);
			runOnlyForDeploymentPostprocessing = 0;
		};
		9BD76ABD1C744D5C009D78D3 /* Frameworks */ = {
			isa = PBXFrameworksBuildPhase;
			buildActionMask = 2147483647;
			files = (
			);
			runOnlyForDeploymentPostprocessing = 0;
		};
/* End PBXFrameworksBuildPhase section */

/* Begin PBXGroup section */
		9BD76A931C744D5C009D78D3 = {
			isa = PBXGroup;
			children = (
				9BD76A9E1C744D5C009D78D3 /* ZKNetWorkTool */,
				9BD76AB81C744D5C009D78D3 /* ZKNetWorkToolTests */,
				9BD76AC31C744D5C009D78D3 /* ZKNetWorkToolUITests */,
				9BD76A9D1C744D5C009D78D3 /* Products */,
			);
			sourceTree = "<group>";
		};
		9BD76A9D1C744D5C009D78D3 /* Products */ = {
			isa = PBXGroup;
			children = (
				9BD76A9C1C744D5C009D78D3 /* ZKNetWorkTool.app */,
				9BD76AB51C744D5C009D78D3 /* ZKNetWorkToolTests.xctest */,
				9BD76AC01C744D5C009D78D3 /* ZKNetWorkToolUITests.xctest */,
			);
			name = Products;
			sourceTree = "<group>";
		};
		9BD76A9E1C744D5C009D78D3 /* ZKNetWorkTool */ = {
			isa = PBXGroup;
			children = (
				9BD76AA21C744D5C009D78D3 /* AppDelegate.h */,
				9BD76AA31C744D5C009D78D3 /* AppDelegate.m */,
				9BD76AA51C744D5C009D78D3 /* ViewController.h */,
				9BD76AA61C744D5C009D78D3 /* ViewController.m */,
				9BD76AA81C744D5C009D78D3 /* Main.storyboard */,
				9BD76AAB1C744D5C009D78D3 /* Assets.xcassets */,
				9BD76AAD1C744D5C009D78D3 /* LaunchScreen.storyboard */,
				9BD76AB01C744D5C009D78D3 /* Info.plist */,
				9BD76A9F1C744D5C009D78D3 /* Supporting Files */,
			);
			path = ZKNetWorkTool;
			sourceTree = "<group>";
		};
		9BD76A9F1C744D5C009D78D3 /* Supporting Files */ = {
			isa = PBXGroup;
			children = (
				9BD76AA01C744D5C009D78D3 /* main.m */,
			);
			name = "Supporting Files";
			sourceTree = "<group>";
		};
		9BD76AB81C744D5C009D78D3 /* ZKNetWorkToolTests */ = {
			isa = PBXGroup;
			children = (
				9BD76AB91C744D5C009D78D3 /* ZKNetWorkToolTests.m */,
				9BD76ABB1C744D5C009D78D3 /* Info.plist */,
			);
			path = ZKNetWorkToolTests;
			sourceTree = "<group>";
		};
		9BD76AC31C744D5C009D78D3 /* ZKNetWorkToolUITests */ = {
			isa = PBXGroup;
			children = (
				9BD76AC41C744D5C009D78D3 /* ZKNetWorkToolUITests.m */,
				9BD76AC61C744D5C009D78D3 /* Info.plist */,
			);
			path = ZKNetWorkToolUITests;
			sourceTree = "<group>";
		};
/* End PBXGroup section */

/* Begin PBXNativeTarget section */
		9BD76A9B1C744D5C009D78D3 /* ZKNetWorkTool */ = {
			isa = PBXNativeTarget;
			buildConfigurationList = 9BD76AC91C744D5C009D78D3 /* Build configuration list for PBXNativeTarget "ZKNetWorkTool" */;
			buildPhases = (
				9BD76A981C744D5C009D78D3 /* Sources */,
				9BD76A991C744D5C009D78D3 /* Frameworks */,
				9BD76A9A1C744D5C009D78D3 /* Resources */,
			);
			buildRules = (
			);
			dependencies = (
			);
			name = ZKNetWorkTool;
			productName = ZKNetWorkTool;
			productReference = 9BD76A9C1C744D5C009D78D3 /* ZKNetWorkTool.app */;
			productType = "com.apple.product-type.application";
		};
		9BD76AB41C744D5C009D78D3 /* ZKNetWorkToolTests */ = {
			isa = PBXNativeTarget;
			buildConfigurationList = 9BD76ACC1C744D5C009D78D3 /* Build configuration list for PBXNativeTarget "ZKNetWorkToolTests" */;
			buildPhases = (
				9BD76AB11C744D5C009D78D3 /* Sources */,
				9BD76AB21C744D5C009D78D3 /* Frameworks */,
				9BD76AB31C744D5C009D78D3 /* Resources */,
			);
			buildRules = (
			);
			dependencies = (
				9BD76AB71C744D5C009D78D3 /* PBXTargetDependency */,
			);
			name = ZKNetWorkToolTests;
			productName = ZKNetWorkToolTests;
			productReference = 9BD76AB51C744D5C009D78D3 /* ZKNetWorkToolTests.xctest */;
			productType = "com.apple.product-type.bundle.unit-test";
		};
		9BD76ABF1C744D5C009D78D3 /* ZKNetWorkToolUITests */ = {
			isa = PBXNativeTarget;
			buildConfigurationList = 9BD76ACF1C744D5C009D78D3 /* Build configuration list for PBXNativeTarget "ZKNetWorkToolUITests" */;
			buildPhases = (
				9BD76ABC1C744D5C009D78D3 /* Sources */,
				9BD76ABD1C744D5C009D78D3 /* Frameworks */,
				9BD76ABE1C744D5C009D78D3 /* Resources */,
			);
			buildRules = (
			);
			dependencies = (
				9BD76AC21C744D5C009D78D3 /* PBXTargetDependency */,
			);
			name = ZKNetWorkToolUITests;
			productName = ZKNetWorkToolUITests;
			productReference = 9BD76AC01C744D5C009D78D3 /* ZKNetWorkToolUITests.xctest */;
			productType = "com.apple.product-type.bundle.ui-testing";
		};
/* End PBXNativeTarget section */

/* Begin PBXProject section */
		9BD76A941C744D5C009D78D3 /* Project object */ = {
			isa = PBXProject;
			attributes = {
				LastUpgradeCheck = 0720;
				ORGANIZATIONNAME = sanchun;
				TargetAttributes = {
					9BD76A9B1C744D5C009D78D3 = {
						CreatedOnToolsVersion = 7.2;
					};
					9BD76AB41C744D5C009D78D3 = {
						CreatedOnToolsVersion = 7.2;
						TestTargetID = 9BD76A9B1C744D5C009D78D3;
					};
					9BD76ABF1C744D5C009D78D3 = {
						CreatedOnToolsVersion = 7.2;
						TestTargetID = 9BD76A9B1C744D5C009D78D3;
					};
				};
			};
			buildConfigurationList = 9BD76A971C744D5C009D78D3 /* Build configuration list for PBXProject "ZKNetWorkTool" */;
			compatibilityVersion = "Xcode 3.2";
			developmentRegion = English;
			hasScannedForEncodings = 0;
			knownRegions = (
				en,
				Base,
			);
			mainGroup = 9BD76A931C744D5C009D78D3;
			productRefGroup = 9BD76A9D1C744D5C009D78D3 /* Products */;
			projectDirPath = "";
			projectRoot = "";
			targets = (
				9BD76A9B1C744D5C009D78D3 /* ZKNetWorkTool */,
				9BD76AB41C744D5C009D78D3 /* ZKNetWorkToolTests */,
				9BD76ABF1C744D5C009D78D3 /* ZKNetWorkToolUITests */,
			);
		};
/* End PBXProject section */

/* Begin PBXResourcesBuildPhase section */
		9BD76A9A1C744D5C009D78D3 /* Resources */ = {
			isa = PBXResourcesBuildPhase;
			buildActionMask = 2147483647;
			files = (
				9BD76AAF1C744D5C009D78D3 /* LaunchScreen.storyboard in Resources */,
				9BD76AAC1C744D5C009D78D3 /* Assets.xcassets in Resources */,
				9BD76AAA1C744D5C009D78D3 /* Main.storyboard in Resources */,
			);
			runOnlyForDeploymentPostprocessing = 0;
		};
		9BD76AB31C744D5C009D78D3 /* Resources */ = {
			isa = PBXResourcesBuildPhase;
			buildActionMask = 2147483647;
			files = (
			);
			runOnlyForDeploymentPostprocessing = 0;
		};
		9BD76ABE1C744D5C009D78D3 /* Resources */ = {
			isa = PBXResourcesBuildPhase;
			buildActionMask = 2147483647;
			files = (
			);
			runOnlyForDeploymentPostprocessing = 0;
		};
/* End PBXResourcesBuildPhase section */

/* Begin PBXSourcesBuildPhase section */
		9BD76A981C744D5C009D78D3 /* Sources */ = {
			isa = PBXSourcesBuildPhase;
			buildActionMask = 2147483647;
			files = (
				9BD76AA71C744D5C009D78D3 /* ViewController.m in Sources */,
				9BD76AA41C744D5C009D78D3 /* AppDelegate.m in Sources */,
				9BD76AA11C744D5C009D78D3 /* main.m in Sources */,
			);
			runOnlyForDeploymentPostprocessing = 0;
		};
		9BD76AB11C744D5C009D78D3 /* Sources */ = {
			isa = PBXSourcesBuildPhase;
			buildActionMask = 2147483647;
			files = (
				9BD76ABA1C744D5C009D78D3 /* ZKNetWorkToolTests.m in Sources */,
			);
			runOnlyForDeploymentPostprocessing = 0;
		};
		9BD76ABC1C744D5C009D78D3 /* Sources */ = {
			isa = PBXSourcesBuildPhase;
			buildActionMask = 2147483647;
			files = (
				9BD76AC51C744D5C009D78D3 /* ZKNetWorkToolUITests.m in Sources */,
			);
			runOnlyForDeploymentPostprocessing = 0;
		};
/* End PBXSourcesBuildPhase section */

/* Begin PBXTargetDependency section */
		9BD76AB71C744D5C009D78D3 /* PBXTargetDependency */ = {
			isa = PBXTargetDependency;
			target = 9BD76A9B1C744D5C009D78D3 /* ZKNetWorkTool */;
			targetProxy = 9BD76AB61C744D5C009D78D3 /* PBXContainerItemProxy */;
		};
		9BD76AC21C744D5C009D78D3 /* PBXTargetDependency */ = {
			isa = PBXTargetDependency;
			target = 9BD76A9B1C744D5C009D78D3 /* ZKNetWorkTool */;
			targetProxy = 9BD76AC11C744D5C009D78D3 /* PBXContainerItemProxy */;
		};
/* End PBXTargetDependency section */

/* Begin PBXVariantGroup section */
		9BD76AA81C744D5C009D78D3 /* Main.storyboard */ = {
			isa = PBXVariantGroup;
			children = (
				9BD76AA91C744D5C009D78D3 /* Base */,
			);
			name = Main.storyboard;
			sourceTree = "<group>";
		};
		9BD76AAD1C744D5C009D78D3 /* LaunchScreen.storyboard */ = {
			isa = PBXVariantGroup;
			children = (
				9BD76AAE1C744D5C009D78D3 /* Base */,
			);
			name = LaunchScreen.storyboard;
			sourceTree = "<group>";
		};
/* End PBXVariantGroup section */

/* Begin XCBuildConfiguration section */
		9BD76AC71C744D5C009D78D3 /* Debug */ = {
			isa = XCBuildConfiguration;
			buildSettings = {
				ALWAYS_SEARCH_USER_PATHS = NO;
				CLANG_CXX_LANGUAGE_STANDARD = "gnu++0x";
				CLANG_CXX_LIBRARY = "libc++";
				CLANG_ENABLE_MODULES = YES;
				CLANG_ENABLE_OBJC_ARC = YES;
				CLANG_WARN_BOOL_CONVERSION = YES;
				CLANG_WARN_CONSTANT_CONVERSION = YES;
				CLANG_WARN_DIRECT_OBJC_ISA_USAGE = YES_ERROR;
				CLANG_WARN_EMPTY_BODY = YES;
				CLANG_WARN_ENUM_CONVERSION = YES;
				CLANG_WARN_INT_CONVERSION = YES;
				CLANG_WARN_OBJC_ROOT_CLASS = YES_ERROR;
				CLANG_WARN_UNREACHABLE_CODE = YES;
				CLANG_WARN__DUPLICATE_METHOD_MATCH = YES;
				"CODE_SIGN_IDENTITY[sdk=iphoneos*]" = "iPhone Developer";
				COPY_PHASE_STRIP = NO;
				DEBUG_INFORMATION_FORMAT = dwarf;
				ENABLE_STRICT_OBJC_MSGSEND = YES;
				ENABLE_TESTABILITY = YES;
				GCC_C_LANGUAGE_STANDARD = gnu99;
				GCC_DYNAMIC_NO_PIC = NO;
				GCC_NO_COMMON_BLOCKS = YES;
				GCC_OPTIMIZATION_LEVEL = 0;
				GCC_PREPROCESSOR_DEFINITIONS = (
					"DEBUG=1",
					"$(inherited)",
				);
				GCC_WARN_64_TO_32_BIT_CONVERSION = YES;
				GCC_WARN_ABOUT_RETURN_TYPE = YES_ERROR;
				GCC_WARN_UNDECLARED_SELECTOR = YES;
				GCC_WARN_UNINITIALIZED_AUTOS = YES_AGGRESSIVE;
				GCC_WARN_UNUSED_FUNCTION = YES;
				GCC_WARN_UNUSED_VARIABLE = YES;
				IPHONEOS_DEPLOYMENT_TARGET = 9.2;
				MTL_ENABLE_DEBUG_INFO = YES;
				ONLY_ACTIVE_ARCH = YES;
				SDKROOT = iphoneos;
				TARGETED_DEVICE_FAMILY = "1,2";
			};
			name = Debug;
		};
		9BD76AC81C744D5C009D78D3 /* Release */ = {
			isa = XCBuildConfiguration;
			buildSettings = {
				ALWAYS_SEARCH_USER_PATHS = NO;
				CLANG_CXX_LANGUAGE_STANDARD = "gnu++0x";
				CLANG_CXX_LIBRARY = "libc++";
				CLANG_ENABLE_MODULES = YES;
				CLANG_ENABLE_OBJC_ARC = YES;
				CLANG_WARN_BOOL_CONVERSION = YES;
				CLANG_WARN_CONSTANT_CONVERSION = YES;
				CLANG_WARN_DIRECT_OBJC_ISA_USAGE = YES_ERROR;
				CLANG_WARN_EMPTY_BODY = YES;
				CLANG_WARN_ENUM_CONVERSION = YES;
				CLANG_WARN_INT_CONVERSION = YES;
				CLANG_WARN_OBJC_ROOT_CLASS = YES_ERROR;
				CLANG_WARN_UNREACHABLE_CODE = YES;
				CLANG_WARN__DUPLICATE_METHOD_MATCH = YES;
				"CODE_SIGN_IDENTITY[sdk=iphoneos*]" = "iPhone Developer";
				COPY_PHASE_STRIP = NO;
				DEBUG_INFORMATION_FORMAT = "dwarf-with-dsym";
				ENABLE_NS_ASSERTIONS = NO;
				ENABLE_STRICT_OBJC_MSGSEND = YES;
				GCC_C_LANGUAGE_STANDARD = gnu99;
				GCC_NO_COMMON_BLOCKS = YES;
				GCC_WARN_64_TO_32_BIT_CONVERSION = YES;
				GCC_WARN_ABOUT_RETURN_TYPE = YES_ERROR;
				GCC_WARN_UNDECLARED_SELECTOR = YES;
				GCC_WARN_UNINITIALIZED_AUTOS = YES_AGGRESSIVE;
				GCC_WARN_UNUSED_FUNCTION = YES;
				GCC_WARN_UNUSED_VARIABLE = YES;
				IPHONEOS_DEPLOYMENT_TARGET = 9.2;
				MTL_ENABLE_DEBUG_INFO = NO;
				SDKROOT = iphoneos;
				TARGETED_DEVICE_FAMILY = "1,2";
				VALIDATE_PRODUCT = YES;
			};
			name = Release;
		};
		9BD76ACA1C744D5C009D78D3 /* Debug */ = {
			isa = XCBuildConfiguration;
			buildSettings = {
				ASSETCATALOG_COMPILER_APPICON_NAME = AppIcon;
				INFOPLIST_FILE = ZKNetWorkTool/Info.plist;
				LD_RUNPATH_SEARCH_PATHS = "$(inherited) @executable_path/Frameworks";
				PRODUCT_BUNDLE_IDENTIFIER = zk.ZKNetWorkTool;
				PRODUCT_NAME = "$(TARGET_NAME)";
			};
			name = Debug;
		};
		9BD76ACB1C744D5C009D78D3 /* Release */ = {
			isa = XCBuildConfiguration;
			buildSettings = {
				ASSETCATALOG_COMPILER_APPICON_NAME = AppIcon;
				INFOPLIST_FILE = ZKNetWorkTool/Info.plist;
				LD_RUNPATH_SEARCH_PATHS = "$(inherited) @executable_path/Frameworks";
				PRODUCT_BUNDLE_IDENTIFIER = zk.ZKNetWorkTool;
				PRODUCT_NAME = "$(TARGET_NAME)";
			};
			name = Release;
		};
		9BD76ACD1C744D5C009D78D3 /* Debug */ = {
			isa = XCBuildConfiguration;
			buildSettings = {
				BUNDLE_LOADER = "$(TEST_HOST)";
				INFOPLIST_FILE = ZKNetWorkToolTests/Info.plist;
				LD_RUNPATH_SEARCH_PATHS = "$(inherited) @executable_path/Frameworks @loader_path/Frameworks";
				PRODUCT_BUNDLE_IDENTIFIER = zk.ZKNetWorkToolTests;
				PRODUCT_NAME = "$(TARGET_NAME)";
				TEST_HOST = "$(BUILT_PRODUCTS_DIR)/ZKNetWorkTool.app/ZKNetWorkTool";
			};
			name = Debug;
		};
		9BD76ACE1C744D5C009D78D3 /* Release */ = {
			isa = XCBuildConfiguration;
			buildSettings = {
				BUNDLE_LOADER = "$(TEST_HOST)";
				INFOPLIST_FILE = ZKNetWorkToolTests/Info.plist;
				LD_RUNPATH_SEARCH_PATHS = "$(inherited) @executable_path/Frameworks @loader_path/Frameworks";
				PRODUCT_BUNDLE_IDENTIFIER = zk.ZKNetWorkToolTests;
				PRODUCT_NAME = "$(TARGET_NAME)";
				TEST_HOST = "$(BUILT_PRODUCTS_DIR)/ZKNetWorkTool.app/ZKNetWorkTool";
			};
			name = Release;
		};
		9BD76AD01C744D5C009D78D3 /* Debug */ = {
			isa = XCBuildConfiguration;
			buildSettings = {
				INFOPLIST_FILE = ZKNetWorkToolUITests/Info.plist;
				LD_RUNPATH_SEARCH_PATHS = "$(inherited) @executable_path/Frameworks @loader_path/Frameworks";
				PRODUCT_BUNDLE_IDENTIFIER = zk.ZKNetWorkToolUITests;
				PRODUCT_NAME = "$(TARGET_NAME)";
				TEST_TARGET_NAME = ZKNetWorkTool;
				USES_XCTRUNNER = YES;
			};
			name = Debug;
		};
		9BD76AD11C744D5C009D78D3 /* Release */ = {
			isa = XCBuildConfiguration;
			buildSettings = {
				INFOPLIST_FILE = ZKNetWorkToolUITests/Info.plist;
				LD_RUNPATH_SEARCH_PATHS = "$(inherited) @executable_path/Frameworks @loader_path/Frameworks";
				PRODUCT_BUNDLE_IDENTIFIER = zk.ZKNetWorkToolUITests;
				PRODUCT_NAME = "$(TARGET_NAME)";
				TEST_TARGET_NAME = ZKNetWorkTool;
				USES_XCTRUNNER = YES;
			};
			name = Release;
		};
/* End XCBuildConfiguration section */

/* Begin XCConfigurationList section */
		9BD76A971C744D5C009D78D3 /* Build configuration list for PBXProject "ZKNetWorkTool" */ = {
			isa = XCConfigurationList;
			buildConfigurations = (
				9BD76AC71C744D5C009D78D3 /* Debug */,
				9BD76AC81C744D5C009D78D3 /* Release */,
			);
			defaultConfigurationIsVisible = 0;
			defaultConfigurationName = Release;
		};
		9BD76AC91C744D5C009D78D3 /* Build configuration list for PBXNativeTarget "ZKNetWorkTool" */ = {
			isa = XCConfigurationList;
			buildConfigurations = (
				9BD76ACA1C744D5C009D78D3 /* Debug */,
				9BD76ACB1C744D5C009D78D3 /* Release */,
			);
			defaultConfigurationIsVisible = 0;
		};
		9BD76ACC1C744D5C009D78D3 /* Build configuration list for PBXNativeTarget "ZKNetWorkToolTests" */ = {
			isa = XCConfigurationList;
			buildConfigurations = (
				9BD76ACD1C744D5C009D78D3 /* Debug */,
				9BD76ACE1C744D5C009D78D3 /* Release */,
			);
			defaultConfigurationIsVisible = 0;
		};
		9BD76ACF1C744D5C009D78D3 /* Build configuration list for PBXNativeTarget "ZKNetWorkToolUITests" */ = {
			isa = XCConfigurationList;
			buildConfigurations = (
				9BD76AD01C744D5C009D78D3 /* Debug */,
				9BD76AD11C744D5C009D78D3 /* Release */,
			);
			defaultConfigurationIsVisible = 0;
		};
/* End XCConfigurationList section */
	};
	rootObject = 9BD76A941C744D5C009D78D3 /* Project object */;
}
